
Microsoft Visual Studio Solution File, Format Version 12.00
# Visual Studio Version 17
VisualStudioVersion = 17.9.34723.18
MinimumVisualStudioVersion = 10.0.40219.1
Project("{FAE04EC0-301F-11D3-BF4B-00C04F79EFBC}") = "workshop", "workshop\workshop.csproj", "{2CB8426E-8346-439F-AB79-8649B974BA0E}"
EndProject
Global
	GlobalSection(SolutionConfigurationPlatforms) = preSolution
		Debug|Any CPU = Debug|Any CPU
		Release|Any CPU = Release|Any CPU
	EndGlobalSection
	GlobalSection(ProjectConfigurationPlatforms) = postSolution
		{2CB8426E-8346-439F-AB79-8649B974BA0E}.Debug|Any CPU.ActiveCfg = Debug|Any CPU
		{2CB8426E-8346-439F-AB79-8649B974BA0E}.Debug|Any CPU.Build.0 = Debug|Any CPU
		{2CB8426E-8346-439F-AB79-8649B974BA0E}.Release|Any CPU.ActiveCfg = Release|Any CPU
		{2CB8426E-8346-439F-AB79-8649B974BA0E}.Release|Any CPU.Build.0 = Release|Any CPU
	EndGlobalSection
	GlobalSection(SolutionProperties) = preSolution
		HideSolutionNode = FALSE
	EndGlobalSection
	GlobalSection(ExtensibilityGlobals) = postSolution
		SolutionGuid = {753CDBE8-A13D-4670-9CD5-08B4677595BC}
	EndGlobalSection
EndGlobal
