
Microsoft Visual Studio Solution File, Format Version 12.00
# Visual Studio Version 17
VisualStudioVersion = 17.9.34723.18
MinimumVisualStudioVersion = 10.0.40219.1
Project("{FAE04EC0-301F-11D3-BF4B-00C04F79EFBC}") = "workshoptwo", "workshoptwo\workshoptwo.csproj", "{FF35AC0A-2370-4587-840B-403668B95EDE}"
EndProject
Global
	GlobalSection(SolutionConfigurationPlatforms) = preSolution
		Debug|Any CPU = Debug|Any CPU
		Release|Any CPU = Release|Any CPU
	EndGlobalSection
	GlobalSection(ProjectConfigurationPlatforms) = postSolution
		{FF35AC0A-2370-4587-840B-403668B95EDE}.Debug|Any CPU.ActiveCfg = Debug|Any CPU
		{FF35AC0A-2370-4587-840B-403668B95EDE}.Debug|Any CPU.Build.0 = Debug|Any CPU
		{FF35AC0A-2370-4587-840B-403668B95EDE}.Release|Any CPU.ActiveCfg = Release|Any CPU
		{FF35AC0A-2370-4587-840B-403668B95EDE}.Release|Any CPU.Build.0 = Release|Any CPU
	EndGlobalSection
	GlobalSection(SolutionProperties) = preSolution
		HideSolutionNode = FALSE
	EndGlobalSection
	GlobalSection(ExtensibilityGlobals) = postSolution
		SolutionGuid = {67EF60DC-9C91-42B7-93CB-1C4AD6423D49}
	EndGlobalSection
EndGlobal
